// !$*UTF8*$!
{
	archiveVersion = 1;
	classes = {
	};
	objectVersion = 56;
	objects = {

/* Begin PBXBuildFile section */
		52A47D492BCD8095005F5C6B /* MacbookiOStest1App.swift in Sources */ = {isa = PBXBuildFile; fileRef = 52A47D482BCD8095005F5C6B /* MacbookiOStest1App.swift */; };
		52A47D4B2BCD8095005F5C6B /* ContentView.swift in Sources */ = {isa = PBXBuildFile; fileRef = 52A47D4A2BCD8095005F5C6B /* ContentView.swift */; };
		52A47D4D2BCD8096005F5C6B /* Assets.xcassets in Resources */ = {isa = PBXBuildFile; fileRef = 52A47D4C2BCD8096005F5C6B /* Assets.xcassets */; };
		52A47D502BCD8096005F5C6B /* Preview Assets.xcassets in Resources */ = {isa = PBXBuildFile; fileRef = 52A47D4F2BCD8096005F5C6B /* Preview Assets.xcassets */; };
		52A47D5A2BCD8096005F5C6B /* MacbookiOStest1Tests.swift in Sources */ = {isa = PBXBuildFile; fileRef = 52A47D592BCD8096005F5C6B /* MacbookiOStest1Tests.swift */; };
		52A47D642BCD8096005F5C6B /* MacbookiOStest1UITests.swift in Sources */ = {isa = PBXBuildFile; fileRef = 52A47D632BCD8096005F5C6B /* MacbookiOStest1UITests.swift */; };
		52A47D662BCD8096005F5C6B /* MacbookiOStest1UITestsLaunchTests.swift in Sources */ = {isa = PBXBuildFile; fileRef = 52A47D652BCD8096005F5C6B /* MacbookiOStest1UITestsLaunchTests.swift */; };
/* End PBXBuildFile section */

/* Begin PBXContainerItemProxy section */
		52A47D562BCD8096005F5C6B /* PBXContainerItemProxy */ = {
			isa = PBXContainerItemProxy;
			containerPortal = 52A47D3D2BCD8095005F5C6B /* Project object */;
			proxyType = 1;
			remoteGlobalIDString = 52A47D442BCD8095005F5C6B;
			remoteInfo = MacbookiOStest1;
		};
		52A47D602BCD8096005F5C6B /* PBXContainerItemProxy */ = {
			isa = PBXContainerItemProxy;
			containerPortal = 52A47D3D2BCD8095005F5C6B /* Project object */;
			proxyType = 1;
			remoteGlobalIDString = 52A47D442BCD8095005F5C6B;
			remoteInfo = MacbookiOStest1;
		};
/* End PBXContainerItemProxy section */

/* Begin PBXFileReference section */
		52A47D452BCD8095005F5C6B /* MacbookiOStest1.app */ = {isa = PBXFileReference; explicitFileType = wrapper.application; includeInIndex = 0; path = MacbookiOStest1.app; sourceTree = BUILT_PRODUCTS_DIR; };
		52A47D482BCD8095005F5C6B /* MacbookiOStest1App.swift */ = {isa = PBXFileReference; lastKnownFileType = sourcecode.swift; path = MacbookiOStest1App.swift; sourceTree = "<group>"; };
		52A47D4A2BCD8095005F5C6B /* ContentView.swift */ = {isa = PBXFileReference; lastKnownFileType = sourcecode.swift; path = ContentView.swift; sourceTree = "<group>"; };
		52A47D4C2BCD8096005F5C6B /* Assets.xcassets */ = {isa = PBXFileReference; lastKnownFileType = folder.assetcatalog; path = Assets.xcassets; sourceTree = "<group>"; };
		52A47D4F2BCD8096005F5C6B /* Preview Assets.xcassets */ = {isa = PBXFileReference; lastKnownFileType = folder.assetcatalog; path = "Preview Assets.xcassets"; sourceTree = "<group>"; };
		52A47D552BCD8096005F5C6B /* MacbookiOStest1Tests.xctest */ = {isa = PBXFileReference; explicitFileType = wrapper.cfbundle; includeInIndex = 0; path = MacbookiOStest1Tests.xctest; sourceTree = BUILT_PRODUCTS_DIR; };
		52A47D592BCD8096005F5C6B /* MacbookiOStest1Tests.swift */ = {isa = PBXFileReference; lastKnownFileType = sourcecode.swift; path = MacbookiOStest1Tests.swift; sourceTree = "<group>"; };
		52A47D5F2BCD8096005F5C6B /* MacbookiOStest1UITests.xctest */ = {isa = PBXFileReference; explicitFileType = wrapper.cfbundle; includeInIndex = 0; path = MacbookiOStest1UITests.xctest; sourceTree = BUILT_PRODUCTS_DIR; };
		52A47D632BCD8096005F5C6B /* MacbookiOStest1UITests.swift */ = {isa = PBXFileReference; lastKnownFileType = sourcecode.swift; path = MacbookiOStest1UITests.swift; sourceTree = "<group>"; };
		52A47D652BCD8096005F5C6B /* MacbookiOStest1UITestsLaunchTests.swift */ = {isa = PBXFileReference; lastKnownFileType = sourcecode.swift; path = MacbookiOStest1UITestsLaunchTests.swift; sourceTree = "<group>"; };
/* End PBXFileReference section */

/* Begin PBXFrameworksBuildPhase section */
		52A47D422BCD8095005F5C6B /* Frameworks */ = {
			isa = PBXFrameworksBuildPhase;
			buildActionMask = 2147483647;
			files = (
			);
			runOnlyForDeploymentPostprocessing = 0;
		};
		52A47D522BCD8096005F5C6B /* Frameworks */ = {
			isa = PBXFrameworksBuildPhase;
			buildActionMask = 2147483647;
			files = (
			);
			runOnlyForDeploymentPostprocessing = 0;
		};
		52A47D5C2BCD8096005F5C6B /* Frameworks */ = {
			isa = PBXFrameworksBuildPhase;
			buildActionMask = 2147483647;
			files = (
			);
			runOnlyForDeploymentPostprocessing = 0;
		};
/* End PBXFrameworksBuildPhase section */

/* Begin PBXGroup section */
		52A47D3C2BCD8095005F5C6B = {
			isa = PBXGroup;
			children = (
				52A47D472BCD8095005F5C6B /* MacbookiOStest1 */,
				52A47D582BCD8096005F5C6B /* MacbookiOStest1Tests */,
				52A47D622BCD8096005F5C6B /* MacbookiOStest1UITests */,
				52A47D462BCD8095005F5C6B /* Products */,
			);
			sourceTree = "<group>";
		};
		52A47D462BCD8095005F5C6B /* Products */ = {
			isa = PBXGroup;
			children = (
				52A47D452BCD8095005F5C6B /* MacbookiOStest1.app */,
				52A47D552BCD8096005F5C6B /* MacbookiOStest1Tests.xctest */,
				52A47D5F2BCD8096005F5C6B /* MacbookiOStest1UITests.xctest */,
			);
			name = Products;
			sourceTree = "<group>";
		};
		52A47D472BCD8095005F5C6B /* MacbookiOStest1 */ = {
			isa = PBXGroup;
			children = (
				52A47D482BCD8095005F5C6B /* MacbookiOStest1App.swift */,
				52A47D4A2BCD8095005F5C6B /* ContentView.swift */,
				52A47D4C2BCD8096005F5C6B /* Assets.xcassets */,
				52A47D4E2BCD8096005F5C6B /* Preview Content */,
			);
			path = MacbookiOStest1;
			sourceTree = "<group>";
		};
		52A47D4E2BCD8096005F5C6B /* Preview Content */ = {
			isa = PBXGroup;
			children = (
				52A47D4F2BCD8096005F5C6B /* Preview Assets.xcassets */,
			);
			path = "Preview Content";
			sourceTree = "<group>";
		};
		52A47D582BCD8096005F5C6B /* MacbookiOStest1Tests */ = {
			isa = PBXGroup;
			children = (
				52A47D592BCD8096005F5C6B /* MacbookiOStest1Tests.swift */,
			);
			path = MacbookiOStest1Tests;
			sourceTree = "<group>";
		};
		52A47D622BCD8096005F5C6B /* MacbookiOStest1UITests */ = {
			isa = PBXGroup;
			children = (
				52A47D632BCD8096005F5C6B /* MacbookiOStest1UITests.swift */,
				52A47D652BCD8096005F5C6B /* MacbookiOStest1UITestsLaunchTests.swift */,
			);
			path = MacbookiOStest1UITests;
			sourceTree = "<group>";
		};
/* End PBXGroup section */

/* Begin PBXNativeTarget section */
		52A47D442BCD8095005F5C6B /* MacbookiOStest1 */ = {
			isa = PBXNativeTarget;
			buildConfigurationList = 52A47D692BCD8096005F5C6B /* Build configuration list for PBXNativeTarget "MacbookiOStest1" */;
			buildPhases = (
				52A47D412BCD8095005F5C6B /* Sources */,
				52A47D422BCD8095005F5C6B /* Frameworks */,
				52A47D432BCD8095005F5C6B /* Resources */,
			);
			buildRules = (
			);
			dependencies = (
			);
			name = MacbookiOStest1;
			productName = MacbookiOStest1;
			productReference = 52A47D452BCD8095005F5C6B /* MacbookiOStest1.app */;
			productType = "com.apple.product-type.application";
		};
		52A47D542BCD8096005F5C6B /* MacbookiOStest1Tests */ = {
			isa = PBXNativeTarget;
			buildConfigurationList = 52A47D6C2BCD8096005F5C6B /* Build configuration list for PBXNativeTarget "MacbookiOStest1Tests" */;
			buildPhases = (
				52A47D512BCD8096005F5C6B /* Sources */,
				52A47D522BCD8096005F5C6B /* Frameworks */,
				52A47D532BCD8096005F5C6B /* Resources */,
			);
			buildRules = (
			);
			dependencies = (
				52A47D572BCD8096005F5C6B /* PBXTargetDependency */,
			);
			name = MacbookiOStest1Tests;
			productName = MacbookiOStest1Tests;
			productReference = 52A47D552BCD8096005F5C6B /* MacbookiOStest1Tests.xctest */;
			productType = "com.apple.product-type.bundle.unit-test";
		};
		52A47D5E2BCD8096005F5C6B /* MacbookiOStest1UITests */ = {
			isa = PBXNativeTarget;
			buildConfigurationList = 52A47D6F2BCD8096005F5C6B /* Build configuration list for PBXNativeTarget "MacbookiOStest1UITests" */;
			buildPhases = (
				52A47D5B2BCD8096005F5C6B /* Sources */,
				52A47D5C2BCD8096005F5C6B /* Frameworks */,
				52A47D5D2BCD8096005F5C6B /* Resources */,
			);
			buildRules = (
			);
			dependencies = (
				52A47D612BCD8096005F5C6B /* PBXTargetDependency */,
			);
			name = MacbookiOStest1UITests;
			productName = MacbookiOStest1UITests;
			productReference = 52A47D5F2BCD8096005F5C6B /* MacbookiOStest1UITests.xctest */;
			productType = "com.apple.product-type.bundle.ui-testing";
		};
/* End PBXNativeTarget section */

/* Begin PBXProject section */
		52A47D3D2BCD8095005F5C6B /* Project object */ = {
			isa = PBXProject;
			attributes = {
				BuildIndependentTargetsInParallel = 1;
				LastSwiftUpdateCheck = 1530;
				LastUpgradeCheck = 1530;
				TargetAttributes = {
					52A47D442BCD8095005F5C6B = {
						CreatedOnToolsVersion = 15.3;
					};
					52A47D542BCD8096005F5C6B = {
						CreatedOnToolsVersion = 15.3;
						TestTargetID = 52A47D442BCD8095005F5C6B;
					};
					52A47D5E2BCD8096005F5C6B = {
						CreatedOnToolsVersion = 15.3;
						TestTargetID = 52A47D442BCD8095005F5C6B;
					};
				};
			};
			buildConfigurationList = 52A47D402BCD8095005F5C6B /* Build configuration list for PBXProject "MacbookiOStest1" */;
			compatibilityVersion = "Xcode 14.0";
			developmentRegion = en;
			hasScannedForEncodings = 0;
			knownRegions = (
				en,
				Base,
			);
			mainGroup = 52A47D3C2BCD8095005F5C6B;
			productRefGroup = 52A47D462BCD8095005F5C6B /* Products */;
			projectDirPath = "";
			projectRoot = "";
			targets = (
				52A47D442BCD8095005F5C6B /* MacbookiOStest1 */,
				52A47D542BCD8096005F5C6B /* MacbookiOStest1Tests */,
				52A47D5E2BCD8096005F5C6B /* MacbookiOStest1UITests */,
			);
		};
/* End PBXProject section */

/* Begin PBXResourcesBuildPhase section */
		52A47D432BCD8095005F5C6B /* Resources */ = {
			isa = PBXResourcesBuildPhase;
			buildActionMask = 2147483647;
			files = (
				52A47D502BCD8096005F5C6B /* Preview Assets.xcassets in Resources */,
				52A47D4D2BCD8096005F5C6B /* Assets.xcassets in Resources */,
			);
			runOnlyForDeploymentPostprocessing = 0;
		};
		52A47D532BCD8096005F5C6B /* Resources */ = {
			isa = PBXResourcesBuildPhase;
			buildActionMask = 2147483647;
			files = (
			);
			runOnlyForDeploymentPostprocessing = 0;
		};
		52A47D5D2BCD8096005F5C6B /* Resources */ = {
			isa = PBXResourcesBuildPhase;
			buildActionMask = 2147483647;
			files = (
			);
			runOnlyForDeploymentPostprocessing = 0;
		};
/* End PBXResourcesBuildPhase section */

/* Begin PBXSourcesBuildPhase section */
		52A47D412BCD8095005F5C6B /* Sources */ = {
			isa = PBXSourcesBuildPhase;
			buildActionMask = 2147483647;
			files = (
				52A47D4B2BCD8095005F5C6B /* ContentView.swift in Sources */,
				52A47D492BCD8095005F5C6B /* MacbookiOStest1App.swift in Sources */,
			);
			runOnlyForDeploymentPostprocessing = 0;
		};
		52A47D512BCD8096005F5C6B /* Sources */ = {
			isa = PBXSourcesBuildPhase;
			buildActionMask = 2147483647;
			files = (
				52A47D5A2BCD8096005F5C6B /* MacbookiOStest1Tests.swift in Sources */,
			);
			runOnlyForDeploymentPostprocessing = 0;
		};
		52A47D5B2BCD8096005F5C6B /* Sources */ = {
			isa = PBXSourcesBuildPhase;
			buildActionMask = 2147483647;
			files = (
				52A47D642BCD8096005F5C6B /* MacbookiOStest1UITests.swift in Sources */,
				52A47D662BCD8096005F5C6B /* MacbookiOStest1UITestsLaunchTests.swift in Sources */,
			);
			runOnlyForDeploymentPostprocessing = 0;
		};
/* End PBXSourcesBuildPhase section */

/* Begin PBXTargetDependency section */
		52A47D572BCD8096005F5C6B /* PBXTargetDependency */ = {
			isa = PBXTargetDependency;
			target = 52A47D442BCD8095005F5C6B /* MacbookiOStest1 */;
			targetProxy = 52A47D562BCD8096005F5C6B /* PBXContainerItemProxy */;
		};
		52A47D612BCD8096005F5C6B /* PBXTargetDependency */ = {
			isa = PBXTargetDependency;
			target = 52A47D442BCD8095005F5C6B /* MacbookiOStest1 */;
			targetProxy = 52A47D602BCD8096005F5C6B /* PBXContainerItemProxy */;
		};
/* End PBXTargetDependency section */

/* Begin XCBuildConfiguration section */
		52A47D672BCD8096005F5C6B /* Debug */ = {
			isa = XCBuildConfiguration;
			buildSettings = {
				ALWAYS_SEARCH_USER_PATHS = NO;
				ASSETCATALOG_COMPILER_GENERATE_SWIFT_ASSET_SYMBOL_EXTENSIONS = YES;
				CLANG_ANALYZER_NONNULL = YES;
				CLANG_ANALYZER_NUMBER_OBJECT_CONVERSION = YES_AGGRESSIVE;
				CLANG_CXX_LANGUAGE_STANDARD = "gnu++20";
				CLANG_ENABLE_MODULES = YES;
				CLANG_ENABLE_OBJC_ARC = YES;
				CLANG_ENABLE_OBJC_WEAK = YES;
				CLANG_WARN_BLOCK_CAPTURE_AUTORELEASING = YES;
				CLANG_WARN_BOOL_CONVERSION = YES;
				CLANG_WARN_COMMA = YES;
				CLANG_WARN_CONSTANT_CONVERSION = YES;
				CLANG_WARN_DEPRECATED_OBJC_IMPLEMENTATIONS = YES;
				CLANG_WARN_DIRECT_OBJC_ISA_USAGE = YES_ERROR;
				CLANG_WARN_DOCUMENTATION_COMMENTS = YES;
				CLANG_WARN_EMPTY_BODY = YES;
				CLANG_WARN_ENUM_CONVERSION = YES;
				CLANG_WARN_INFINITE_RECURSION = YES;
				CLANG_WARN_INT_CONVERSION = YES;
				CLANG_WARN_NON_LITERAL_NULL_CONVERSION = YES;
				CLANG_WARN_OBJC_IMPLICIT_RETAIN_SELF = YES;
				CLANG_WARN_OBJC_LITERAL_CONVERSION = YES;
				CLANG_WARN_OBJC_ROOT_CLASS = YES_ERROR;
				CLANG_WARN_QUOTED_INCLUDE_IN_FRAMEWORK_HEADER = YES;
				CLANG_WARN_RANGE_LOOP_ANALYSIS = YES;
				CLANG_WARN_STRICT_PROTOTYPES = YES;
				CLANG_WARN_SUSPICIOUS_MOVE = YES;
				CLANG_WARN_UNGUARDED_AVAILABILITY = YES_AGGRESSIVE;
				CLANG_WARN_UNREACHABLE_CODE = YES;
				CLANG_WARN__DUPLICATE_METHOD_MATCH = YES;
				COPY_PHASE_STRIP = NO;
				DEBUG_INFORMATION_FORMAT = dwarf;
				ENABLE_STRICT_OBJC_MSGSEND = YES;
				ENABLE_TESTABILITY = YES;
				ENABLE_USER_SCRIPT_SANDBOXING = YES;
				GCC_C_LANGUAGE_STANDARD = gnu17;
				GCC_DYNAMIC_NO_PIC = NO;
				GCC_NO_COMMON_BLOCKS = YES;
				GCC_OPTIMIZATION_LEVEL = 0;
				GCC_PREPROCESSOR_DEFINITIONS = (
					"DEBUG=1",
					"$(inherited)",
				);
				GCC_WARN_64_TO_32_BIT_CONVERSION = YES;
				GCC_WARN_ABOUT_RETURN_TYPE = YES_ERROR;
				GCC_WARN_UNDECLARED_SELECTOR = YES;
				GCC_WARN_UNINITIALIZED_AUTOS = YES_AGGRESSIVE;
				GCC_WARN_UNUSED_FUNCTION = YES;
				GCC_WARN_UNUSED_VARIABLE = YES;
				IPHONEOS_DEPLOYMENT_TARGET = 17.4;
				LOCALIZATION_PREFERS_STRING_CATALOGS = YES;
				MTL_ENABLE_DEBUG_INFO = INCLUDE_SOURCE;
				MTL_FAST_MATH = YES;
				ONLY_ACTIVE_ARCH = YES;
				SDKROOT = iphoneos;
				SWIFT_ACTIVE_COMPILATION_CONDITIONS = "DEBUG $(inherited)";
				SWIFT_OPTIMIZATION_LEVEL = "-Onone";
			};
			name = Debug;
		};
		52A47D682BCD8096005F5C6B /* Release */ = {
			isa = XCBuildConfiguration;
			buildSettings = {
				ALWAYS_SEARCH_USER_PATHS = NO;
				ASSETCATALOG_COMPILER_GENERATE_SWIFT_ASSET_SYMBOL_EXTENSIONS = YES;
				CLANG_ANALYZER_NONNULL = YES;
				CLANG_ANALYZER_NUMBER_OBJECT_CONVERSION = YES_AGGRESSIVE;
				CLANG_CXX_LANGUAGE_STANDARD = "gnu++20";
				CLANG_ENABLE_MODULES = YES;
				CLANG_ENABLE_OBJC_ARC = YES;
				CLANG_ENABLE_OBJC_WEAK = YES;
				CLANG_WARN_BLOCK_CAPTURE_AUTORELEASING = YES;
				CLANG_WARN_BOOL_CONVERSION = YES;
				CLANG_WARN_COMMA = YES;
				CLANG_WARN_CONSTANT_CONVERSION = YES;
				CLANG_WARN_DEPRECATED_OBJC_IMPLEMENTATIONS = YES;
				CLANG_WARN_DIRECT_OBJC_ISA_USAGE = YES_ERROR;
				CLANG_WARN_DOCUMENTATION_COMMENTS = YES;
				CLANG_WARN_EMPTY_BODY = YES;
				CLANG_WARN_ENUM_CONVERSION = YES;
				CLANG_WARN_INFINITE_RECURSION = YES;
				CLANG_WARN_INT_CONVERSION = YES;
				CLANG_WARN_NON_LITERAL_NULL_CONVERSION = YES;
				CLANG_WARN_OBJC_IMPLICIT_RETAIN_SELF = YES;
				CLANG_WARN_OBJC_LITERAL_CONVERSION = YES;
				CLANG_WARN_OBJC_ROOT_CLASS = YES_ERROR;
				CLANG_WARN_QUOTED_INCLUDE_IN_FRAMEWORK_HEADER = YES;
				CLANG_WARN_RANGE_LOOP_ANALYSIS = YES;
				CLANG_WARN_STRICT_PROTOTYPES = YES;
				CLANG_WARN_SUSPICIOUS_MOVE = YES;
				CLANG_WARN_UNGUARDED_AVAILABILITY = YES_AGGRESSIVE;
				CLANG_WARN_UNREACHABLE_CODE = YES;
				CLANG_WARN__DUPLICATE_METHOD_MATCH = YES;
				COPY_PHASE_STRIP = NO;
				DEBUG_INFORMATION_FORMAT = "dwarf-with-dsym";
				ENABLE_NS_ASSERTIONS = NO;
				ENABLE_STRICT_OBJC_MSGSEND = YES;
				ENABLE_USER_SCRIPT_SANDBOXING = YES;
				GCC_C_LANGUAGE_STANDARD = gnu17;
				GCC_NO_COMMON_BLOCKS = YES;
				GCC_WARN_64_TO_32_BIT_CONVERSION = YES;
				GCC_WARN_ABOUT_RETURN_TYPE = YES_ERROR;
				GCC_WARN_UNDECLARED_SELECTOR = YES;
				GCC_WARN_UNINITIALIZED_AUTOS = YES_AGGRESSIVE;
				GCC_WARN_UNUSED_FUNCTION = YES;
				GCC_WARN_UNUSED_VARIABLE = YES;
				IPHONEOS_DEPLOYMENT_TARGET = 17.4;
				LOCALIZATION_PREFERS_STRING_CATALOGS = YES;
				MTL_ENABLE_DEBUG_INFO = NO;
				MTL_FAST_MATH = YES;
				SDKROOT = iphoneos;
				SWIFT_COMPILATION_MODE = wholemodule;
				VALIDATE_PRODUCT = YES;
			};
			name = Release;
		};
		52A47D6A2BCD8096005F5C6B /* Debug */ = {
			isa = XCBuildConfiguration;
			buildSettings = {
				ASSETCATALOG_COMPILER_APPICON_NAME = AppIcon;
				ASSETCATALOG_COMPILER_GLOBAL_ACCENT_COLOR_NAME = AccentColor;
				CODE_SIGN_STYLE = Automatic;
				CURRENT_PROJECT_VERSION = 1;
				DEVELOPMENT_ASSET_PATHS = "\"MacbookiOStest1/Preview Content\"";
				DEVELOPMENT_TEAM = 64KDUQCYEB;
				ENABLE_PREVIEWS = YES;
				GENERATE_INFOPLIST_FILE = YES;
				INFOPLIST_KEY_UIApplicationSceneManifest_Generation = YES;
				INFOPLIST_KEY_UIApplicationSupportsIndirectInputEvents = YES;
				INFOPLIST_KEY_UILaunchScreen_Generation = YES;
				INFOPLIST_KEY_UISupportedInterfaceOrientations_iPad = "UIInterfaceOrientationPortrait UIInterfaceOrientationPortraitUpsideDown UIInterfaceOrientationLandscapeLeft UIInterfaceOrientationLandscapeRight";
				INFOPLIST_KEY_UISupportedInterfaceOrientations_iPhone = "UIInterfaceOrientationPortrait UIInterfaceOrientationLandscapeLeft UIInterfaceOrientationLandscapeRight";
				IPHONEOS_DEPLOYMENT_TARGET = 17.4;
				LD_RUNPATH_SEARCH_PATHS = (
					"$(inherited)",
					"@executable_path/Frameworks",
				);
				MARKETING_VERSION = 1.0;
				PRODUCT_BUNDLE_IDENTIFIER = com.wangyong2.MacbookiOStest1;
				PRODUCT_NAME = "$(TARGET_NAME)";
				SUPPORTED_PLATFORMS = "iphoneos iphonesimulator";
				SUPPORTS_MACCATALYST = NO;
				SUPPORTS_MAC_DESIGNED_FOR_IPHONE_IPAD = NO;
				SUPPORTS_XR_DESIGNED_FOR_IPHONE_IPAD = NO;
				SWIFT_EMIT_LOC_STRINGS = YES;
				SWIFT_VERSION = 5.0;
				TARGETED_DEVICE_FAMILY = 1;
			};
			name = Debug;
		};
		52A47D6B2BCD8096005F5C6B /* Release */ = {
			isa = XCBuildConfiguration;
			buildSettings = {
				ASSETCATALOG_COMPILER_APPICON_NAME = AppIcon;
				ASSETCATALOG_COMPILER_GLOBAL_ACCENT_COLOR_NAME = AccentColor;
				CODE_SIGN_STYLE = Automatic;
				CURRENT_PROJECT_VERSION = 1;
				DEVELOPMENT_ASSET_PATHS = "\"MacbookiOStest1/Preview Content\"";
				DEVELOPMENT_TEAM = 64KDUQCYEB;
				ENABLE_PREVIEWS = YES;
				GENERATE_INFOPLIST_FILE = YES;
				INFOPLIST_KEY_UIApplicationSceneManifest_Generation = YES;
				INFOPLIST_KEY_UIApplicationSupportsIndirectInputEvents = YES;
				INFOPLIST_KEY_UILaunchScreen_Generation = YES;
				INFOPLIST_KEY_UISupportedInterfaceOrientations_iPad = "UIInterfaceOrientationPortrait UIInterfaceOrientationPortraitUpsideDown UIInterfaceOrientationLandscapeLeft UIInterfaceOrientationLandscapeRight";
				INFOPLIST_KEY_UISupportedInterfaceOrientations_iPhone = "UIInterfaceOrientationPortrait UIInterfaceOrientationLandscapeLeft UIInterfaceOrientationLandscapeRight";
				IPHONEOS_DEPLOYMENT_TARGET = 17.4;
				LD_RUNPATH_SEARCH_PATHS = (
					"$(inherited)",
					"@executable_path/Frameworks",
				);
				MARKETING_VERSION = 1.0;
				PRODUCT_BUNDLE_IDENTIFIER = com.wangyong2.MacbookiOStest1;
				PRODUCT_NAME = "$(TARGET_NAME)";
				SUPPORTED_PLATFORMS = "iphoneos iphonesimulator";
				SUPPORTS_MACCATALYST = NO;
				SUPPORTS_MAC_DESIGNED_FOR_IPHONE_IPAD = NO;
				SUPPORTS_XR_DESIGNED_FOR_IPHONE_IPAD = NO;
				SWIFT_EMIT_LOC_STRINGS = YES;
				SWIFT_VERSION = 5.0;
				TARGETED_DEVICE_FAMILY = 1;
			};
			name = Release;
		};
		52A47D6D2BCD8096005F5C6B /* Debug */ = {
			isa = XCBuildConfiguration;
			buildSettings = {
				ALWAYS_EMBED_SWIFT_STANDARD_LIBRARIES = YES;
				BUNDLE_LOADER = "$(TEST_HOST)";
				CODE_SIGN_STYLE = Automatic;
				CURRENT_PROJECT_VERSION = 1;
				DEVELOPMENT_TEAM = 64KDUQCYEB;
				GENERATE_INFOPLIST_FILE = YES;
				IPHONEOS_DEPLOYMENT_TARGET = 17.4;
				MARKETING_VERSION = 1.0;
				PRODUCT_BUNDLE_IDENTIFIER = com.wangyong2.MacbookiOStest1Tests;
				PRODUCT_NAME = "$(TARGET_NAME)";
				SUPPORTED_PLATFORMS = "iphoneos iphonesimulator";
				SUPPORTS_MACCATALYST = NO;
				SUPPORTS_MAC_DESIGNED_FOR_IPHONE_IPAD = NO;
				SUPPORTS_XR_DESIGNED_FOR_IPHONE_IPAD = NO;
				SWIFT_EMIT_LOC_STRINGS = NO;
				SWIFT_VERSION = 5.0;
				TARGETED_DEVICE_FAMILY = "1,2";
				TEST_HOST = "$(BUILT_PRODUCTS_DIR)/MacbookiOStest1.app/$(BUNDLE_EXECUTABLE_FOLDER_PATH)/MacbookiOStest1";
			};
			name = Debug;
		};
		52A47D6E2BCD8096005F5C6B /* Release */ = {
			isa = XCBuildConfiguration;
			buildSettings = {
				ALWAYS_EMBED_SWIFT_STANDARD_LIBRARIES = YES;
				BUNDLE_LOADER = "$(TEST_HOST)";
				CODE_SIGN_STYLE = Automatic;
				CURRENT_PROJECT_VERSION = 1;
				DEVELOPMENT_TEAM = 64KDUQCYEB;
				GENERATE_INFOPLIST_FILE = YES;
				IPHONEOS_DEPLOYMENT_TARGET = 17.4;
				MARKETING_VERSION = 1.0;
				PRODUCT_BUNDLE_IDENTIFIER = com.wangyong2.MacbookiOStest1Tests;
				PRODUCT_NAME = "$(TARGET_NAME)";
				SUPPORTED_PLATFORMS = "iphoneos iphonesimulator";
				SUPPORTS_MACCATALYST = NO;
				SUPPORTS_MAC_DESIGNED_FOR_IPHONE_IPAD = NO;
				SUPPORTS_XR_DESIGNED_FOR_IPHONE_IPAD = NO;
				SWIFT_EMIT_LOC_STRINGS = NO;
				SWIFT_VERSION = 5.0;
				TARGETED_DEVICE_FAMILY = "1,2";
				TEST_HOST = "$(BUILT_PRODUCTS_DIR)/MacbookiOStest1.app/$(BUNDLE_EXECUTABLE_FOLDER_PATH)/MacbookiOStest1";
			};
			name = Release;
		};
		52A47D702BCD8096005F5C6B /* Debug */ = {
			isa = XCBuildConfiguration;
			buildSettings = {
				ALWAYS_EMBED_SWIFT_STANDARD_LIBRARIES = YES;
				CODE_SIGN_STYLE = Automatic;
				CURRENT_PROJECT_VERSION = 1;
				DEVELOPMENT_TEAM = 64KDUQCYEB;
				GENERATE_INFOPLIST_FILE = YES;
				MARKETING_VERSION = 1.0;
				PRODUCT_BUNDLE_IDENTIFIER = com.wangyong2.MacbookiOStest1UITests;
				PRODUCT_NAME = "$(TARGET_NAME)";
				SUPPORTED_PLATFORMS = "iphoneos iphonesimulator";
				SUPPORTS_MACCATALYST = NO;
				SUPPORTS_MAC_DESIGNED_FOR_IPHONE_IPAD = NO;
				SUPPORTS_XR_DESIGNED_FOR_IPHONE_IPAD = NO;
				SWIFT_EMIT_LOC_STRINGS = NO;
				SWIFT_VERSION = 5.0;
				TARGETED_DEVICE_FAMILY = "1,2";
				TEST_TARGET_NAME = MacbookiOStest1;
			};
			name = Debug;
		};
		52A47D712BCD8096005F5C6B /* Release */ = {
			isa = XCBuildConfiguration;
			buildSettings = {
				ALWAYS_EMBED_SWIFT_STANDARD_LIBRARIES = YES;
				CODE_SIGN_STYLE = Automatic;
				CURRENT_PROJECT_VERSION = 1;
				DEVELOPMENT_TEAM = 64KDUQCYEB;
				GENERATE_INFOPLIST_FILE = YES;
				MARKETING_VERSION = 1.0;
				PRODUCT_BUNDLE_IDENTIFIER = com.wangyong2.MacbookiOStest1UITests;
				PRODUCT_NAME = "$(TARGET_NAME)";
				SUPPORTED_PLATFORMS = "iphoneos iphonesimulator";
				SUPPORTS_MACCATALYST = NO;
				SUPPORTS_MAC_DESIGNED_FOR_IPHONE_IPAD = NO;
				SUPPORTS_XR_DESIGNED_FOR_IPHONE_IPAD = NO;
				SWIFT_EMIT_LOC_STRINGS = NO;
				SWIFT_VERSION = 5.0;
				TARGETED_DEVICE_FAMILY = "1,2";
				TEST_TARGET_NAME = MacbookiOStest1;
			};
			name = Release;
		};
/* End XCBuildConfiguration section */

/* Begin XCConfigurationList section */
		52A47D402BCD8095005F5C6B /* Build configuration list for PBXProject "MacbookiOStest1" */ = {
			isa = XCConfigurationList;
			buildConfigurations = (
				52A47D672BCD8096005F5C6B /* Debug */,
				52A47D682BCD8096005F5C6B /* Release */,
			);
			defaultConfigurationIsVisible = 0;
			defaultConfigurationName = Debug;
		};
		52A47D692BCD8096005F5C6B /* Build configuration list for PBXNativeTarget "MacbookiOStest1" */ = {
			isa = XCConfigurationList;
			buildConfigurations = (
				52A47D6A2BCD8096005F5C6B /* Debug */,
				52A47D6B2BCD8096005F5C6B /* Release */,
			);
			defaultConfigurationIsVisible = 0;
			defaultConfigurationName = Debug;
		};
		52A47D6C2BCD8096005F5C6B /* Build configuration list for PBXNativeTarget "MacbookiOStest1Tests" */ = {
			isa = XCConfigurationList;
			buildConfigurations = (
				52A47D6D2BCD8096005F5C6B /* Debug */,
				52A47D6E2BCD8096005F5C6B /* Release */,
			);
			defaultConfigurationIsVisible = 0;
			defaultConfigurationName = Debug;
		};
		52A47D6F2BCD8096005F5C6B /* Build configuration list for PBXNativeTarget "MacbookiOStest1UITests" */ = {
			isa = XCConfigurationList;
			buildConfigurations = (
				52A47D702BCD8096005F5C6B /* Debug */,
				52A47D712BCD8096005F5C6B /* Release */,
			);
			defaultConfigurationIsVisible = 0;
			defaultConfigurationName = Debug;
		};
/* End XCConfigurationList section */
	};
	rootObject = 52A47D3D2BCD8095005F5C6B /* Project object */;
}
